
Microsoft Visual Studio Solution File, Format Version 12.00
# Visual Studio Version 16
VisualStudioVersion = 16.0.31321.278
MinimumVisualStudioVersion = 10.0.40219.1
Project("{FAE04EC0-301F-11D3-BF4B-00C04F79EFBC}") = "DB", "DB\DB.csproj", "{EA232AC5-4E09-4A58-8A94-EAA76CF8E228}"
EndProject
Global
	GlobalSection(SolutionConfigurationPlatforms) = preSolution
		Debug|Any CPU = Debug|Any CPU
		Release|Any CPU = Release|Any CPU
	EndGlobalSection
	GlobalSection(ProjectConfigurationPlatforms) = postSolution
		{EA232AC5-4E09-4A58-8A94-EAA76CF8E228}.Debug|Any CPU.ActiveCfg = Debug|Any CPU
		{EA232AC5-4E09-4A58-8A94-EAA76CF8E228}.Debug|Any CPU.Build.0 = Debug|Any CPU
		{EA232AC5-4E09-4A58-8A94-EAA76CF8E228}.Release|Any CPU.ActiveCfg = Release|Any CPU
		{EA232AC5-4E09-4A58-8A94-EAA76CF8E228}.Release|Any CPU.Build.0 = Release|Any CPU
	EndGlobalSection
	GlobalSection(SolutionProperties) = preSolution
		HideSolutionNode = FALSE
	EndGlobalSection
	GlobalSection(ExtensibilityGlobals) = postSolution
		SolutionGuid = {456D02F7-5F83-4AC4-9902-77219FFE681E}
	EndGlobalSection
EndGlobal
