
Microsoft Visual Studio Solution File, Format Version 12.00
# Visual Studio Version 16
VisualStudioVersion = 16.0.31321.278
MinimumVisualStudioVersion = 10.0.40219.1
Project("{FAE04EC0-301F-11D3-BF4B-00C04F79EFBC}") = "DelegatesAndActions", "DelegatesAndActions\DelegatesAndActions.csproj", "{6AC9B1DA-2474-4E34-B83A-E55E2CFCD965}"
EndProject
Project("{FAE04EC0-301F-11D3-BF4B-00C04F79EFBC}") = "DocReceiver", "DocumentsReceiver\DocReceiver.csproj", "{10D19281-BC31-4CDA-B707-41CCB4A7294E}"
EndProject
Global
	GlobalSection(SolutionConfigurationPlatforms) = preSolution
		Debug|Any CPU = Debug|Any CPU
		Release|Any CPU = Release|Any CPU
	EndGlobalSection
	GlobalSection(ProjectConfigurationPlatforms) = postSolution
		{6AC9B1DA-2474-4E34-B83A-E55E2CFCD965}.Debug|Any CPU.ActiveCfg = Debug|Any CPU
		{6AC9B1DA-2474-4E34-B83A-E55E2CFCD965}.Debug|Any CPU.Build.0 = Debug|Any CPU
		{6AC9B1DA-2474-4E34-B83A-E55E2CFCD965}.Release|Any CPU.ActiveCfg = Release|Any CPU
		{6AC9B1DA-2474-4E34-B83A-E55E2CFCD965}.Release|Any CPU.Build.0 = Release|Any CPU
		{10D19281-BC31-4CDA-B707-41CCB4A7294E}.Debug|Any CPU.ActiveCfg = Debug|Any CPU
		{10D19281-BC31-4CDA-B707-41CCB4A7294E}.Debug|Any CPU.Build.0 = Debug|Any CPU
		{10D19281-BC31-4CDA-B707-41CCB4A7294E}.Release|Any CPU.ActiveCfg = Release|Any CPU
		{10D19281-BC31-4CDA-B707-41CCB4A7294E}.Release|Any CPU.Build.0 = Release|Any CPU
	EndGlobalSection
	GlobalSection(SolutionProperties) = preSolution
		HideSolutionNode = FALSE
	EndGlobalSection
	GlobalSection(ExtensibilityGlobals) = postSolution
		SolutionGuid = {BAB3E91D-84D9-457C-A861-06C6448DFD79}
	EndGlobalSection
EndGlobal
